PODS:
  - Flutter (1.0.0)
  - flutter_bluetooth_classic_serial (1.0.4):
    - Flutter

DEPENDENCIES:
  - Flutter (from `Flutter`)
  - flutter_bluetooth_classic_serial (from `.symlinks/plugins/flutter_bluetooth_classic_serial/ios`)

EXTERNAL SOURCES:
  Flutter:
    :path: Flutter
  flutter_bluetooth_classic_serial:
    :path: ".symlinks/plugins/flutter_bluetooth_classic_serial/ios"

SPEC CHECKSUMS:
  Flutter: cabc95a1d2626b1b06e7179b784ebcf0c0cde467
  flutter_bluetooth_classic_serial: 07aad9e5103050d6aa79f17483a830e5a40da972

PODFILE CHECKSUM: 3c63482e143d1b91d2d2560aee9fb04ecc74ac7e

COCOAPODS: 1.11.2
